
Microsoft Visual Studio Solution File, Format Version 12.00
# Visual Studio 15
VisualStudioVersion = 15.0.26430.16
MinimumVisualStudioVersion = 10.0.40219.1
Project("{8BC9CEB8-8B4A-11D0-8D11-00A0C91BC942}") = "iir1", "iir1.vcxproj", "{D96C66CA-6F22-417E-9849-E7B72C887838}"
EndProject
Project("{8BC9CEB8-8B4A-11D0-8D11-00A0C91BC942}") = "iirdemo", "demo\iirdemo.vcxproj", "{8CEA7F5E-B00C-4420-95FC-F75AA96B1294}"
	ProjectSection(ProjectDependencies) = postProject
		{D96C66CA-6F22-417E-9849-E7B72C887838} = {D96C66CA-6F22-417E-9849-E7B72C887838}
	EndProjectSection
EndProject
Global
	GlobalSection(SolutionConfigurationPlatforms) = preSolution
		Debug|x64 = Debug|x64
		Debug|x86 = Debug|x86
		Release|x64 = Release|x64
		Release|x86 = Release|x86
	EndGlobalSection
	GlobalSection(ProjectConfigurationPlatforms) = postSolution
		{D96C66CA-6F22-417E-9849-E7B72C887838}.Debug|x64.ActiveCfg = Debug|x64
		{D96C66CA-6F22-417E-9849-E7B72C887838}.Debug|x64.Build.0 = Debug|x64
		{D96C66CA-6F22-417E-9849-E7B72C887838}.Debug|x86.ActiveCfg = Debug|Win32
		{D96C66CA-6F22-417E-9849-E7B72C887838}.Debug|x86.Build.0 = Debug|Win32
		{D96C66CA-6F22-417E-9849-E7B72C887838}.Release|x64.ActiveCfg = Release|x64
		{D96C66CA-6F22-417E-9849-E7B72C887838}.Release|x64.Build.0 = Release|x64
		{D96C66CA-6F22-417E-9849-E7B72C887838}.Release|x86.ActiveCfg = Release|Win32
		{D96C66CA-6F22-417E-9849-E7B72C887838}.Release|x86.Build.0 = Release|Win32
		{8CEA7F5E-B00C-4420-95FC-F75AA96B1294}.Debug|x64.ActiveCfg = Debug|x64
		{8CEA7F5E-B00C-4420-95FC-F75AA96B1294}.Debug|x64.Build.0 = Debug|x64
		{8CEA7F5E-B00C-4420-95FC-F75AA96B1294}.Debug|x86.ActiveCfg = Debug|Win32
		{8CEA7F5E-B00C-4420-95FC-F75AA96B1294}.Debug|x86.Build.0 = Debug|Win32
		{8CEA7F5E-B00C-4420-95FC-F75AA96B1294}.Release|x64.ActiveCfg = Release|x64
		{8CEA7F5E-B00C-4420-95FC-F75AA96B1294}.Release|x64.Build.0 = Release|x64
		{8CEA7F5E-B00C-4420-95FC-F75AA96B1294}.Release|x86.ActiveCfg = Release|Win32
		{8CEA7F5E-B00C-4420-95FC-F75AA96B1294}.Release|x86.Build.0 = Release|Win32
	EndGlobalSection
	GlobalSection(SolutionProperties) = preSolution
		HideSolutionNode = FALSE
	EndGlobalSection
	GlobalSection(ExtensibilityGlobals) = postSolution
		SolutionGuid = {2FDD332B-6F12-4C86-9AF1-D3776898AF39}
	EndGlobalSection
EndGlobal
