<?xml version="1.0" encoding="utf-8"?>
<Project ToolsVersion="4.0" xmlns="http://schemas.microsoft.com/developer/msbuild/2003">
  <ItemGroup>
    <Filter Include="Source Files">
      <UniqueIdentifier>{4FC737F1-C7A5-4376-A066-2A32D752A2FF}</UniqueIdentifier>
      <Extensions>cpp;c;cc;cxx;def;odl;idl;hpj;bat;asm;asmx</Extensions>
    </Filter>
    <Filter Include="Header Files">
      <UniqueIdentifier>{93995380-89BD-4b04-88EB-625FBE52EBFB}</UniqueIdentifier>
      <Extensions>h;hh;hpp;hxx;hm;inl;inc;xsd</Extensions>
    </Filter>
    <Filter Include="Resource Files">
      <UniqueIdentifier>{67DA6AB6-F800-4c08-8B7A-83BB121AAD01}</UniqueIdentifier>
      <Extensions>rc;ico;cur;bmp;dlg;rc2;rct;bin;rgs;gif;jpg;jpeg;jpe;resx;tiff;tif;png;wav</Extensions>
    </Filter>
  </ItemGroup>
  <ItemGroup>
    <ClCompile Include="iir\Bessel.cpp">
      <Filter>Source Files</Filter>
    </ClCompile>
    <ClCompile Include="iir\Biquad.cpp">
      <Filter>Source Files</Filter>
    </ClCompile>
    <ClCompile Include="iir\Butterworth.cpp">
      <Filter>Source Files</Filter>
    </ClCompile>
    <ClCompile Include="iir\Cascade.cpp">
      <Filter>Source Files</Filter>
    </ClCompile>
    <ClCompile Include="iir\ChebyshevI.cpp">
      <Filter>Source Files</Filter>
    </ClCompile>
    <ClCompile Include="iir\ChebyshevII.cpp">
      <Filter>Source Files</Filter>
    </ClCompile>
    <ClCompile Include="iir\Custom.cpp">
      <Filter>Source Files</Filter>
    </ClCompile>
    <ClCompile Include="iir\Elliptic.cpp">
      <Filter>Source Files</Filter>
    </ClCompile>
    <ClCompile Include="iir\Legendre.cpp">
      <Filter>Source Files</Filter>
    </ClCompile>
    <ClCompile Include="iir\PoleFilter.cpp">
      <Filter>Source Files</Filter>
    </ClCompile>
    <ClCompile Include="iir\RBJ.cpp">
      <Filter>Source Files</Filter>
    </ClCompile>
    <ClCompile Include="iir\RootFinder.cpp">
      <Filter>Source Files</Filter>
    </ClCompile>
    <ClCompile Include="iir\State.cpp">
      <Filter>Source Files</Filter>
    </ClCompile>
  </ItemGroup>
  <ItemGroup>
    <ClInclude Include="Iir.h">
      <Filter>Header Files</Filter>
    </ClInclude>
    <ClInclude Include="iir\Bessel.h">
      <Filter>Header Files</Filter>
    </ClInclude>
    <ClInclude Include="iir\Biquad.h">
      <Filter>Header Files</Filter>
    </ClInclude>
    <ClInclude Include="iir\Butterworth.h">
      <Filter>Header Files</Filter>
    </ClInclude>
    <ClInclude Include="iir\Cascade.h">
      <Filter>Header Files</Filter>
    </ClInclude>
    <ClInclude Include="iir\ChebyshevI.h">
      <Filter>Header Files</Filter>
    </ClInclude>
    <ClInclude Include="iir\ChebyshevII.h">
      <Filter>Header Files</Filter>
    </ClInclude>
    <ClInclude Include="iir\Common.h">
      <Filter>Header Files</Filter>
    </ClInclude>
    <ClInclude Include="iir\config.h">
      <Filter>Header Files</Filter>
    </ClInclude>
    <ClInclude Include="iir\Custom.h">
      <Filter>Header Files</Filter>
    </ClInclude>
    <ClInclude Include="iir\Elliptic.h">
      <Filter>Header Files</Filter>
    </ClInclude>
    <ClInclude Include="iir\Layout.h">
      <Filter>Header Files</Filter>
    </ClInclude>
    <ClInclude Include="iir\Legendre.h">
      <Filter>Header Files</Filter>
    </ClInclude>
    <ClInclude Include="iir\MathSupplement.h">
      <Filter>Header Files</Filter>
    </ClInclude>
    <ClInclude Include="iir\PoleFilter.h">
      <Filter>Header Files</Filter>
    </ClInclude>
    <ClInclude Include="iir\RBJ.h">
      <Filter>Header Files</Filter>
    </ClInclude>
    <ClInclude Include="iir\RootFinder.h">
      <Filter>Header Files</Filter>
    </ClInclude>
    <ClInclude Include="iir\State.h">
      <Filter>Header Files</Filter>
    </ClInclude>
    <ClInclude Include="iir\Types.h">
      <Filter>Header Files</Filter>
    </ClInclude>
    <ClInclude Include="iir\Utilities.h">
      <Filter>Header Files</Filter>
    </ClInclude>
  </ItemGroup>
</Project>